{
  "name": "module-c",
  "version": "1.0.0",
  "lockfileVersion": 1,
  "dependencies": {
    "@angular/common": {
      "version": "4.2.6",
      "resolved": "https://registry.npmjs.org/@angular/common/-/common-4.2.6.tgz",
      "integrity": "sha1-IQrOS9JON1+LQbpS/rNLGKiH1do="
    },
    "@angular/core": {
      "version": "4.2.6",
      "resolved": "https://registry.npmjs.org/@angular/core/-/core-4.2.6.tgz",
      "integrity": "sha1-DByP8BV/B29KfAtyHKFCPxu+Fk4="
    },
    "tslib": {
      "version": "1.7.1",
      "resolved": "https://registry.npmjs.org/tslib/-/tslib-1.7.1.tgz",
      "integrity": "sha1-vIAEFkaRkjp5/oN4u+s9ogF1OOw="
    }
  }
}
